
Microsoft Visual Studio Solution File, Format Version 12.00
# Visual Studio 15
VisualStudioVersion = 15.0.28307.329
MinimumVisualStudioVersion = 10.0.40219.1
Project("{FAE04EC0-301F-11D3-BF4B-00C04F79EFBC}") = "CreditCardMS", "CreditCardMS\CreditCardMS.csproj", "{837F228D-659B-42DF-9606-E88D18E50A49}"
EndProject
Global
	GlobalSection(SolutionConfigurationPlatforms) = preSolution
		Debug|Any CPU = Debug|Any CPU
		Release|Any CPU = Release|Any CPU
	EndGlobalSection
	GlobalSection(ProjectConfigurationPlatforms) = postSolution
		{837F228D-659B-42DF-9606-E88D18E50A49}.Debug|Any CPU.ActiveCfg = Debug|Any CPU
		{837F228D-659B-42DF-9606-E88D18E50A49}.Debug|Any CPU.Build.0 = Debug|Any CPU
		{837F228D-659B-42DF-9606-E88D18E50A49}.Release|Any CPU.ActiveCfg = Release|Any CPU
		{837F228D-659B-42DF-9606-E88D18E50A49}.Release|Any CPU.Build.0 = Release|Any CPU
	EndGlobalSection
	GlobalSection(SolutionProperties) = preSolution
		HideSolutionNode = FALSE
	EndGlobalSection
	GlobalSection(ExtensibilityGlobals) = postSolution
		SolutionGuid = {48F5E926-E649-4B52-BFD5-0FF84488A22D}
	EndGlobalSection
EndGlobal
